
Microsoft Visual Studio Solution File, Format Version 9.00
# Visual Studio 2005
Project("{FAE04EC0-301F-11D3-BF4B-00C04F79EFBC}") = "MakingWaves.TravelExp.Impl", "MakingWaves.TravelExp.Impl.csproj", "{30201AAE-0941-4C3E-BC29-43051624520E}"
	ProjectSection(WebsiteProperties) = preProject
		Debug.AspNetCompiler.Debug = "True"
		Release.AspNetCompiler.Debug = "False"
	EndProjectSection
EndProject
Global
	GlobalSection(SolutionConfigurationPlatforms) = preSolution
		Debug|Any CPU = Debug|Any CPU
		Release|Any CPU = Release|Any CPU
	EndGlobalSection
	GlobalSection(ProjectConfigurationPlatforms) = postSolution
		{30201AAE-0941-4C3E-BC29-43051624520E}.Debug|Any CPU.ActiveCfg = Debug|Any CPU
		{30201AAE-0941-4C3E-BC29-43051624520E}.Debug|Any CPU.Build.0 = Debug|Any CPU
		{30201AAE-0941-4C3E-BC29-43051624520E}.Release|Any CPU.ActiveCfg = Release|Any CPU
		{30201AAE-0941-4C3E-BC29-43051624520E}.Release|Any CPU.Build.0 = Release|Any CPU
	EndGlobalSection
	GlobalSection(SolutionProperties) = preSolution
		HideSolutionNode = FALSE
	EndGlobalSection
EndGlobal
